
Microsoft Visual Studio Solution File, Format Version 12.00
# Visual Studio 2013
VisualStudioVersion = 12.0.30723.0
MinimumVisualStudioVersion = 10.0.40219.1
Project("{FAE04EC0-301F-11D3-BF4B-00C04F79EFBC}") = "PRApplication.BL", "PRApllication.BL\PRApplication.BL.csproj", "{858882B8-BAB4-448E-9DC3-F4717B0046C8}"
EndProject
Project("{2150E333-8FDC-42A3-9474-1A3956D46DE8}") = "Hosting", "Hosting", "{D24DA19F-EB00-4B5A-AF43-EFE12556B484}"
EndProject
Project("{2150E333-8FDC-42A3-9474-1A3956D46DE8}") = "Win8 Clients", "Win8 Clients", "{BDF3684A-3E93-497F-B88F-2593E4860515}"
EndProject
Project("{FAE04EC0-301F-11D3-BF4B-00C04F79EFBC}") = "PRApplication.Entities", "PRApplication.Entities\PRApplication.Entities.csproj", "{33B61959-31FF-45A7-8164-B22423FBA8CC}"
EndProject
Project("{FAE04EC0-301F-11D3-BF4B-00C04F79EFBC}") = "PRApplication.Hosting.AzureServiceReference", "PRApplication.Hosting.AzureServiceReference\PRApplication.Hosting.AzureServiceReference.csproj", "{4FF5F408-5204-4367-B8FA-9B6656EFD8DF}"
EndProject
Project("{FAE04EC0-301F-11D3-BF4B-00C04F79EFBC}") = "PRApplication.Dal", "PRApplication.Dal\PRApplication.Dal.csproj", "{1FB57E5B-576A-42B6-A0E5-1CC73935AD3F}"
EndProject
Project("{CC5FD16D-436D-48AD-A40C-5A424C6E3E79}") = "WCF_Azure_HostedService", "WCF_Azure_HostedService\WCF_Azure_HostedService.ccproj", "{CE0BF215-B6E3-4A60-9227-BED295206F0F}"
EndProject
Project("{FAE04EC0-301F-11D3-BF4B-00C04F79EFBC}") = "WCF_Azure_Service", "WCF_Azure_Service\WCF_Azure_Service.csproj", "{B9579375-1832-4182-A9F0-914F7D9A4F7D}"
EndProject
Project("{FAE04EC0-301F-11D3-BF4B-00C04F79EFBC}") = "AzureDataBaseUpdater", "AzureDataBaseUpdater\AzureDataBaseUpdater.csproj", "{AB781481-B661-473B-8C0B-6C7FF4BEC5B7}"
EndProject
Project("{FAE04EC0-301F-11D3-BF4B-00C04F79EFBC}") = "PrApplication.Clients.Windows8.Core", "PrApplication.Clients.Windows8.Core\PrApplication.Clients.Windows8.Core.csproj", "{F6D2BD8C-D716-44EA-BA6C-FCD4F21EA3CC}"
	ProjectSection(ProjectDependencies) = postProject
		{B9579375-1832-4182-A9F0-914F7D9A4F7D} = {B9579375-1832-4182-A9F0-914F7D9A4F7D}
	EndProjectSection
EndProject
Project("{FAE04EC0-301F-11D3-BF4B-00C04F79EFBC}") = "QrCodeService", "QrCodeService\QrCodeService.csproj", "{20CE5B3F-C703-42A0-A9FF-53A8270956F8}"
EndProject
Project("{FAE04EC0-301F-11D3-BF4B-00C04F79EFBC}") = "PrApplicatin.Tests", "PrApplicatin.Tests\PrApplicatin.Tests.csproj", "{A3A80018-F3AC-486F-962F-968B1E2FED0F}"
EndProject
Global
	GlobalSection(SolutionConfigurationPlatforms) = preSolution
		Debug|Any CPU = Debug|Any CPU
		Debug|ARM = Debug|ARM
		Debug|x64 = Debug|x64
		Debug|x86 = Debug|x86
		Release|Any CPU = Release|Any CPU
		Release|ARM = Release|ARM
		Release|x64 = Release|x64
		Release|x86 = Release|x86
	EndGlobalSection
	GlobalSection(ProjectConfigurationPlatforms) = postSolution
		{858882B8-BAB4-448E-9DC3-F4717B0046C8}.Debug|Any CPU.ActiveCfg = Debug|Any CPU
		{858882B8-BAB4-448E-9DC3-F4717B0046C8}.Debug|Any CPU.Build.0 = Debug|Any CPU
		{858882B8-BAB4-448E-9DC3-F4717B0046C8}.Debug|ARM.ActiveCfg = Debug|Any CPU
		{858882B8-BAB4-448E-9DC3-F4717B0046C8}.Debug|x64.ActiveCfg = Debug|Any CPU
		{858882B8-BAB4-448E-9DC3-F4717B0046C8}.Debug|x86.ActiveCfg = Debug|Any CPU
		{858882B8-BAB4-448E-9DC3-F4717B0046C8}.Release|Any CPU.ActiveCfg = Release|Any CPU
		{858882B8-BAB4-448E-9DC3-F4717B0046C8}.Release|Any CPU.Build.0 = Release|Any CPU
		{858882B8-BAB4-448E-9DC3-F4717B0046C8}.Release|ARM.ActiveCfg = Release|Any CPU
		{858882B8-BAB4-448E-9DC3-F4717B0046C8}.Release|x64.ActiveCfg = Release|Any CPU
		{858882B8-BAB4-448E-9DC3-F4717B0046C8}.Release|x86.ActiveCfg = Release|Any CPU
		{33B61959-31FF-45A7-8164-B22423FBA8CC}.Debug|Any CPU.ActiveCfg = Debug|Any CPU
		{33B61959-31FF-45A7-8164-B22423FBA8CC}.Debug|Any CPU.Build.0 = Debug|Any CPU
		{33B61959-31FF-45A7-8164-B22423FBA8CC}.Debug|ARM.ActiveCfg = Debug|Any CPU
		{33B61959-31FF-45A7-8164-B22423FBA8CC}.Debug|x64.ActiveCfg = Debug|Any CPU
		{33B61959-31FF-45A7-8164-B22423FBA8CC}.Debug|x86.ActiveCfg = Debug|Any CPU
		{33B61959-31FF-45A7-8164-B22423FBA8CC}.Release|Any CPU.ActiveCfg = Release|Any CPU
		{33B61959-31FF-45A7-8164-B22423FBA8CC}.Release|Any CPU.Build.0 = Release|Any CPU
		{33B61959-31FF-45A7-8164-B22423FBA8CC}.Release|ARM.ActiveCfg = Release|Any CPU
		{33B61959-31FF-45A7-8164-B22423FBA8CC}.Release|x64.ActiveCfg = Release|Any CPU
		{33B61959-31FF-45A7-8164-B22423FBA8CC}.Release|x86.ActiveCfg = Release|Any CPU
		{4FF5F408-5204-4367-B8FA-9B6656EFD8DF}.Debug|Any CPU.ActiveCfg = Debug|Any CPU
		{4FF5F408-5204-4367-B8FA-9B6656EFD8DF}.Debug|Any CPU.Build.0 = Debug|Any CPU
		{4FF5F408-5204-4367-B8FA-9B6656EFD8DF}.Debug|Any CPU.Deploy.0 = Debug|Any CPU
		{4FF5F408-5204-4367-B8FA-9B6656EFD8DF}.Debug|ARM.ActiveCfg = Debug|ARM
		{4FF5F408-5204-4367-B8FA-9B6656EFD8DF}.Debug|ARM.Build.0 = Debug|ARM
		{4FF5F408-5204-4367-B8FA-9B6656EFD8DF}.Debug|ARM.Deploy.0 = Debug|ARM
		{4FF5F408-5204-4367-B8FA-9B6656EFD8DF}.Debug|x64.ActiveCfg = Debug|x64
		{4FF5F408-5204-4367-B8FA-9B6656EFD8DF}.Debug|x64.Build.0 = Debug|x64
		{4FF5F408-5204-4367-B8FA-9B6656EFD8DF}.Debug|x64.Deploy.0 = Debug|x64
		{4FF5F408-5204-4367-B8FA-9B6656EFD8DF}.Debug|x86.ActiveCfg = Debug|x86
		{4FF5F408-5204-4367-B8FA-9B6656EFD8DF}.Debug|x86.Build.0 = Debug|x86
		{4FF5F408-5204-4367-B8FA-9B6656EFD8DF}.Debug|x86.Deploy.0 = Debug|x86
		{4FF5F408-5204-4367-B8FA-9B6656EFD8DF}.Release|Any CPU.ActiveCfg = Release|Any CPU
		{4FF5F408-5204-4367-B8FA-9B6656EFD8DF}.Release|Any CPU.Build.0 = Release|Any CPU
		{4FF5F408-5204-4367-B8FA-9B6656EFD8DF}.Release|Any CPU.Deploy.0 = Release|Any CPU
		{4FF5F408-5204-4367-B8FA-9B6656EFD8DF}.Release|ARM.ActiveCfg = Release|ARM
		{4FF5F408-5204-4367-B8FA-9B6656EFD8DF}.Release|ARM.Build.0 = Release|ARM
		{4FF5F408-5204-4367-B8FA-9B6656EFD8DF}.Release|ARM.Deploy.0 = Release|ARM
		{4FF5F408-5204-4367-B8FA-9B6656EFD8DF}.Release|x64.ActiveCfg = Release|x64
		{4FF5F408-5204-4367-B8FA-9B6656EFD8DF}.Release|x64.Build.0 = Release|x64
		{4FF5F408-5204-4367-B8FA-9B6656EFD8DF}.Release|x64.Deploy.0 = Release|x64
		{4FF5F408-5204-4367-B8FA-9B6656EFD8DF}.Release|x86.ActiveCfg = Release|x86
		{4FF5F408-5204-4367-B8FA-9B6656EFD8DF}.Release|x86.Build.0 = Release|x86
		{4FF5F408-5204-4367-B8FA-9B6656EFD8DF}.Release|x86.Deploy.0 = Release|x86
		{1FB57E5B-576A-42B6-A0E5-1CC73935AD3F}.Debug|Any CPU.ActiveCfg = Debug|Any CPU
		{1FB57E5B-576A-42B6-A0E5-1CC73935AD3F}.Debug|Any CPU.Build.0 = Debug|Any CPU
		{1FB57E5B-576A-42B6-A0E5-1CC73935AD3F}.Debug|ARM.ActiveCfg = Debug|Any CPU
		{1FB57E5B-576A-42B6-A0E5-1CC73935AD3F}.Debug|x64.ActiveCfg = Debug|Any CPU
		{1FB57E5B-576A-42B6-A0E5-1CC73935AD3F}.Debug|x86.ActiveCfg = Debug|Any CPU
		{1FB57E5B-576A-42B6-A0E5-1CC73935AD3F}.Release|Any CPU.ActiveCfg = Release|Any CPU
		{1FB57E5B-576A-42B6-A0E5-1CC73935AD3F}.Release|Any CPU.Build.0 = Release|Any CPU
		{1FB57E5B-576A-42B6-A0E5-1CC73935AD3F}.Release|ARM.ActiveCfg = Release|Any CPU
		{1FB57E5B-576A-42B6-A0E5-1CC73935AD3F}.Release|x64.ActiveCfg = Release|Any CPU
		{1FB57E5B-576A-42B6-A0E5-1CC73935AD3F}.Release|x86.ActiveCfg = Release|Any CPU
		{CE0BF215-B6E3-4A60-9227-BED295206F0F}.Debug|Any CPU.ActiveCfg = Debug|Any CPU
		{CE0BF215-B6E3-4A60-9227-BED295206F0F}.Debug|Any CPU.Build.0 = Debug|Any CPU
		{CE0BF215-B6E3-4A60-9227-BED295206F0F}.Debug|ARM.ActiveCfg = Debug|Any CPU
		{CE0BF215-B6E3-4A60-9227-BED295206F0F}.Debug|x64.ActiveCfg = Debug|Any CPU
		{CE0BF215-B6E3-4A60-9227-BED295206F0F}.Debug|x86.ActiveCfg = Debug|Any CPU
		{CE0BF215-B6E3-4A60-9227-BED295206F0F}.Release|Any CPU.ActiveCfg = Release|Any CPU
		{CE0BF215-B6E3-4A60-9227-BED295206F0F}.Release|Any CPU.Build.0 = Release|Any CPU
		{CE0BF215-B6E3-4A60-9227-BED295206F0F}.Release|ARM.ActiveCfg = Release|Any CPU
		{CE0BF215-B6E3-4A60-9227-BED295206F0F}.Release|x64.ActiveCfg = Release|Any CPU
		{CE0BF215-B6E3-4A60-9227-BED295206F0F}.Release|x86.ActiveCfg = Release|Any CPU
		{B9579375-1832-4182-A9F0-914F7D9A4F7D}.Debug|Any CPU.ActiveCfg = Debug|Any CPU
		{B9579375-1832-4182-A9F0-914F7D9A4F7D}.Debug|Any CPU.Build.0 = Debug|Any CPU
		{B9579375-1832-4182-A9F0-914F7D9A4F7D}.Debug|ARM.ActiveCfg = Debug|Any CPU
		{B9579375-1832-4182-A9F0-914F7D9A4F7D}.Debug|x64.ActiveCfg = Debug|Any CPU
		{B9579375-1832-4182-A9F0-914F7D9A4F7D}.Debug|x86.ActiveCfg = Debug|Any CPU
		{B9579375-1832-4182-A9F0-914F7D9A4F7D}.Release|Any CPU.ActiveCfg = Release|Any CPU
		{B9579375-1832-4182-A9F0-914F7D9A4F7D}.Release|Any CPU.Build.0 = Release|Any CPU
		{B9579375-1832-4182-A9F0-914F7D9A4F7D}.Release|ARM.ActiveCfg = Release|Any CPU
		{B9579375-1832-4182-A9F0-914F7D9A4F7D}.Release|x64.ActiveCfg = Release|Any CPU
		{B9579375-1832-4182-A9F0-914F7D9A4F7D}.Release|x86.ActiveCfg = Release|Any CPU
		{AB781481-B661-473B-8C0B-6C7FF4BEC5B7}.Debug|Any CPU.ActiveCfg = Debug|Any CPU
		{AB781481-B661-473B-8C0B-6C7FF4BEC5B7}.Debug|Any CPU.Build.0 = Debug|Any CPU
		{AB781481-B661-473B-8C0B-6C7FF4BEC5B7}.Debug|ARM.ActiveCfg = Debug|Any CPU
		{AB781481-B661-473B-8C0B-6C7FF4BEC5B7}.Debug|x64.ActiveCfg = Debug|Any CPU
		{AB781481-B661-473B-8C0B-6C7FF4BEC5B7}.Debug|x86.ActiveCfg = Debug|Any CPU
		{AB781481-B661-473B-8C0B-6C7FF4BEC5B7}.Release|Any CPU.ActiveCfg = Release|Any CPU
		{AB781481-B661-473B-8C0B-6C7FF4BEC5B7}.Release|Any CPU.Build.0 = Release|Any CPU
		{AB781481-B661-473B-8C0B-6C7FF4BEC5B7}.Release|ARM.ActiveCfg = Release|Any CPU
		{AB781481-B661-473B-8C0B-6C7FF4BEC5B7}.Release|x64.ActiveCfg = Release|Any CPU
		{AB781481-B661-473B-8C0B-6C7FF4BEC5B7}.Release|x86.ActiveCfg = Release|Any CPU
		{F6D2BD8C-D716-44EA-BA6C-FCD4F21EA3CC}.Debug|Any CPU.ActiveCfg = Debug|Any CPU
		{F6D2BD8C-D716-44EA-BA6C-FCD4F21EA3CC}.Debug|Any CPU.Build.0 = Debug|Any CPU
		{F6D2BD8C-D716-44EA-BA6C-FCD4F21EA3CC}.Debug|ARM.ActiveCfg = Debug|Any CPU
		{F6D2BD8C-D716-44EA-BA6C-FCD4F21EA3CC}.Debug|x64.ActiveCfg = Debug|Any CPU
		{F6D2BD8C-D716-44EA-BA6C-FCD4F21EA3CC}.Debug|x86.ActiveCfg = Debug|Any CPU
		{F6D2BD8C-D716-44EA-BA6C-FCD4F21EA3CC}.Release|Any CPU.ActiveCfg = Release|Any CPU
		{F6D2BD8C-D716-44EA-BA6C-FCD4F21EA3CC}.Release|Any CPU.Build.0 = Release|Any CPU
		{F6D2BD8C-D716-44EA-BA6C-FCD4F21EA3CC}.Release|ARM.ActiveCfg = Release|Any CPU
		{F6D2BD8C-D716-44EA-BA6C-FCD4F21EA3CC}.Release|x64.ActiveCfg = Release|Any CPU
		{F6D2BD8C-D716-44EA-BA6C-FCD4F21EA3CC}.Release|x86.ActiveCfg = Release|Any CPU
		{20CE5B3F-C703-42A0-A9FF-53A8270956F8}.Debug|Any CPU.ActiveCfg = Debug|Any CPU
		{20CE5B3F-C703-42A0-A9FF-53A8270956F8}.Debug|Any CPU.Build.0 = Debug|Any CPU
		{20CE5B3F-C703-42A0-A9FF-53A8270956F8}.Debug|ARM.ActiveCfg = Debug|Any CPU
		{20CE5B3F-C703-42A0-A9FF-53A8270956F8}.Debug|x64.ActiveCfg = Debug|Any CPU
		{20CE5B3F-C703-42A0-A9FF-53A8270956F8}.Debug|x86.ActiveCfg = Debug|Any CPU
		{20CE5B3F-C703-42A0-A9FF-53A8270956F8}.Release|Any CPU.ActiveCfg = Release|Any CPU
		{20CE5B3F-C703-42A0-A9FF-53A8270956F8}.Release|Any CPU.Build.0 = Release|Any CPU
		{20CE5B3F-C703-42A0-A9FF-53A8270956F8}.Release|ARM.ActiveCfg = Release|Any CPU
		{20CE5B3F-C703-42A0-A9FF-53A8270956F8}.Release|x64.ActiveCfg = Release|Any CPU
		{20CE5B3F-C703-42A0-A9FF-53A8270956F8}.Release|x86.ActiveCfg = Release|Any CPU
		{A3A80018-F3AC-486F-962F-968B1E2FED0F}.Debug|Any CPU.ActiveCfg = Debug|Any CPU
		{A3A80018-F3AC-486F-962F-968B1E2FED0F}.Debug|Any CPU.Build.0 = Debug|Any CPU
		{A3A80018-F3AC-486F-962F-968B1E2FED0F}.Debug|ARM.ActiveCfg = Debug|Any CPU
		{A3A80018-F3AC-486F-962F-968B1E2FED0F}.Debug|x64.ActiveCfg = Debug|Any CPU
		{A3A80018-F3AC-486F-962F-968B1E2FED0F}.Debug|x86.ActiveCfg = Debug|Any CPU
		{A3A80018-F3AC-486F-962F-968B1E2FED0F}.Release|Any CPU.ActiveCfg = Release|Any CPU
		{A3A80018-F3AC-486F-962F-968B1E2FED0F}.Release|Any CPU.Build.0 = Release|Any CPU
		{A3A80018-F3AC-486F-962F-968B1E2FED0F}.Release|ARM.ActiveCfg = Release|Any CPU
		{A3A80018-F3AC-486F-962F-968B1E2FED0F}.Release|x64.ActiveCfg = Release|Any CPU
		{A3A80018-F3AC-486F-962F-968B1E2FED0F}.Release|x86.ActiveCfg = Release|Any CPU
	EndGlobalSection
	GlobalSection(SolutionProperties) = preSolution
		HideSolutionNode = FALSE
	EndGlobalSection
	GlobalSection(NestedProjects) = preSolution
		{4FF5F408-5204-4367-B8FA-9B6656EFD8DF} = {BDF3684A-3E93-497F-B88F-2593E4860515}
		{CE0BF215-B6E3-4A60-9227-BED295206F0F} = {D24DA19F-EB00-4B5A-AF43-EFE12556B484}
		{B9579375-1832-4182-A9F0-914F7D9A4F7D} = {D24DA19F-EB00-4B5A-AF43-EFE12556B484}
		{F6D2BD8C-D716-44EA-BA6C-FCD4F21EA3CC} = {BDF3684A-3E93-497F-B88F-2593E4860515}
		{20CE5B3F-C703-42A0-A9FF-53A8270956F8} = {D24DA19F-EB00-4B5A-AF43-EFE12556B484}
	EndGlobalSection
EndGlobal
